
Microsoft Visual Studio Solution File, Format Version 12.00
# Visual Studio Version 16
VisualStudioVersion = 16.0.29215.179
MinimumVisualStudioVersion = 10.0.40219.1
Project("{FAE04EC0-301F-11D3-BF4B-00C04F79EFBC}") = "Lab4_6_Paul", "Lab4_6_Paul\Lab4_6_Paul.csproj", "{8D01B9FC-0465-4733-B98A-C6B540748523}"
EndProject
Global
	GlobalSection(SolutionConfigurationPlatforms) = preSolution
		Debug|Any CPU = Debug|Any CPU
		Release|Any CPU = Release|Any CPU
	EndGlobalSection
	GlobalSection(ProjectConfigurationPlatforms) = postSolution
		{8D01B9FC-0465-4733-B98A-C6B540748523}.Debug|Any CPU.ActiveCfg = Debug|Any CPU
		{8D01B9FC-0465-4733-B98A-C6B540748523}.Debug|Any CPU.Build.0 = Debug|Any CPU
		{8D01B9FC-0465-4733-B98A-C6B540748523}.Release|Any CPU.ActiveCfg = Release|Any CPU
		{8D01B9FC-0465-4733-B98A-C6B540748523}.Release|Any CPU.Build.0 = Release|Any CPU
	EndGlobalSection
	GlobalSection(SolutionProperties) = preSolution
		HideSolutionNode = FALSE
	EndGlobalSection
	GlobalSection(ExtensibilityGlobals) = postSolution
		SolutionGuid = {14FEDF8C-A5D6-4673-AE6F-8124671186FA}
	EndGlobalSection
EndGlobal
